
Microsoft Visual Studio Solution File, Format Version 12.00
# Visual Studio Version 17
VisualStudioVersion = 17.3.32922.545
MinimumVisualStudioVersion = 10.0.40219.1
Project("{FAE04EC0-301F-11D3-BF4B-00C04F79EFBC}") = "dz_chislenyeMetody", "dz_chislenyeMetody\dz_chislenyeMetody.csproj", "{2BF84348-1005-4EC2-9C61-F181E8850A7B}"
EndProject
Global
	GlobalSection(SolutionConfigurationPlatforms) = preSolution
		Debug|Any CPU = Debug|Any CPU
		Release|Any CPU = Release|Any CPU
	EndGlobalSection
	GlobalSection(ProjectConfigurationPlatforms) = postSolution
		{2BF84348-1005-4EC2-9C61-F181E8850A7B}.Debug|Any CPU.ActiveCfg = Debug|Any CPU
		{2BF84348-1005-4EC2-9C61-F181E8850A7B}.Debug|Any CPU.Build.0 = Debug|Any CPU
		{2BF84348-1005-4EC2-9C61-F181E8850A7B}.Release|Any CPU.ActiveCfg = Release|Any CPU
		{2BF84348-1005-4EC2-9C61-F181E8850A7B}.Release|Any CPU.Build.0 = Release|Any CPU
	EndGlobalSection
	GlobalSection(SolutionProperties) = preSolution
		HideSolutionNode = FALSE
	EndGlobalSection
	GlobalSection(ExtensibilityGlobals) = postSolution
		SolutionGuid = {646AAA84-A54B-4598-A660-8C3C2452924A}
	EndGlobalSection
EndGlobal
